Microsoft Visual Studio Solution File, Format Version 11.00
# Visual Studio 2008

Project("{52DB78DC-507B-4D8A-954F-E5D198659EBF}") = "GameStartingPoint", "Assembly-CSharp-firstpass.csproj", "{5C29C888-46CF-3BC4-E46D-5B5AD09B0820}"
EndProject
Project("{52DB78DC-507B-4D8A-954F-E5D198659EBF}") = "GameStartingPoint", "Assembly-CSharp.csproj", "{D06DCA99-D469-6808-BFF6-0A402EBCA5DB}"
EndProject
Project("{52DB78DC-507B-4D8A-954F-E5D198659EBF}") = "GameStartingPoint", "Assembly-CSharp-Editor.csproj", "{F6BDFB8E-D843-73DB-9808-634F4308407C}"
EndProject
Global
	GlobalSection(SolutionConfigurationPlatforms) = preSolution
		Debug|Any CPU = Debug|Any CPU
		Release|Any CPU = Release|Any CPU
	EndGlobalSection
	GlobalSection(ProjectConfigurationPlatforms) = postSolution
		{5C29C888-46CF-3BC4-E46D-5B5AD09B0820}.Debug|Any CPU.ActiveCfg = Debug|Any CPU
		{5C29C888-46CF-3BC4-E46D-5B5AD09B0820}.Debug|Any CPU.Build.0 = Debug|Any CPU
		{5C29C888-46CF-3BC4-E46D-5B5AD09B0820}.Release|Any CPU.ActiveCfg = Release|Any CPU
		{5C29C888-46CF-3BC4-E46D-5B5AD09B0820}.Release|Any CPU.Build.0 = Release|Any CPU
		{D06DCA99-D469-6808-BFF6-0A402EBCA5DB}.Debug|Any CPU.ActiveCfg = Debug|Any CPU
		{D06DCA99-D469-6808-BFF6-0A402EBCA5DB}.Debug|Any CPU.Build.0 = Debug|Any CPU
		{D06DCA99-D469-6808-BFF6-0A402EBCA5DB}.Release|Any CPU.ActiveCfg = Release|Any CPU
		{D06DCA99-D469-6808-BFF6-0A402EBCA5DB}.Release|Any CPU.Build.0 = Release|Any CPU
		{F6BDFB8E-D843-73DB-9808-634F4308407C}.Debug|Any CPU.ActiveCfg = Debug|Any CPU
		{F6BDFB8E-D843-73DB-9808-634F4308407C}.Debug|Any CPU.Build.0 = Debug|Any CPU
		{F6BDFB8E-D843-73DB-9808-634F4308407C}.Release|Any CPU.ActiveCfg = Release|Any CPU
		{F6BDFB8E-D843-73DB-9808-634F4308407C}.Release|Any CPU.Build.0 = Release|Any CPU
	EndGlobalSection
	GlobalSection(SolutionProperties) = preSolution
		HideSolutionNode = FALSE
	EndGlobalSection
	GlobalSection(MonoDevelopProperties) = preSolution
		StartupItem = Assembly-CSharp.csproj
	EndGlobalSection
EndGlobal
