Microsoft Visual Studio Solution File, Format Version 11.00
# Visual Studio 2008

Project("{477146D9-8DA5-C4C6-4FAF-ABA89EFB526C}") = "Kithkin-Game", "Assembly-CSharp-firstpass.csproj", "{C22B8D1A-08A8-5BED-F0C2-CA069D73EB1B}"
EndProject
Project("{477146D9-8DA5-C4C6-4FAF-ABA89EFB526C}") = "Kithkin-Game", "Assembly-CSharp.csproj", "{5E8667A8-DF87-2157-03C8-7541275CCD61}"
EndProject
Project("{477146D9-8DA5-C4C6-4FAF-ABA89EFB526C}") = "Kithkin-Game", "Assembly-CSharp-Editor.csproj", "{2699C92C-05D2-0AB0-D37D-70C4771C99D7}"
EndProject
Global
	GlobalSection(SolutionConfigurationPlatforms) = preSolution
		Debug|Any CPU = Debug|Any CPU
		Release|Any CPU = Release|Any CPU
	EndGlobalSection
	GlobalSection(ProjectConfigurationPlatforms) = postSolution
		{C22B8D1A-08A8-5BED-F0C2-CA069D73EB1B}.Debug|Any CPU.ActiveCfg = Debug|Any CPU
		{C22B8D1A-08A8-5BED-F0C2-CA069D73EB1B}.Debug|Any CPU.Build.0 = Debug|Any CPU
		{C22B8D1A-08A8-5BED-F0C2-CA069D73EB1B}.Release|Any CPU.ActiveCfg = Release|Any CPU
		{C22B8D1A-08A8-5BED-F0C2-CA069D73EB1B}.Release|Any CPU.Build.0 = Release|Any CPU
		{5E8667A8-DF87-2157-03C8-7541275CCD61}.Debug|Any CPU.ActiveCfg = Debug|Any CPU
		{5E8667A8-DF87-2157-03C8-7541275CCD61}.Debug|Any CPU.Build.0 = Debug|Any CPU
		{5E8667A8-DF87-2157-03C8-7541275CCD61}.Release|Any CPU.ActiveCfg = Release|Any CPU
		{5E8667A8-DF87-2157-03C8-7541275CCD61}.Release|Any CPU.Build.0 = Release|Any CPU
		{2699C92C-05D2-0AB0-D37D-70C4771C99D7}.Debug|Any CPU.ActiveCfg = Debug|Any CPU
		{2699C92C-05D2-0AB0-D37D-70C4771C99D7}.Debug|Any CPU.Build.0 = Debug|Any CPU
		{2699C92C-05D2-0AB0-D37D-70C4771C99D7}.Release|Any CPU.ActiveCfg = Release|Any CPU
		{2699C92C-05D2-0AB0-D37D-70C4771C99D7}.Release|Any CPU.Build.0 = Release|Any CPU
	EndGlobalSection
	GlobalSection(SolutionProperties) = preSolution
		HideSolutionNode = FALSE
	EndGlobalSection
	GlobalSection(MonoDevelopProperties) = preSolution
		StartupItem = Assembly-CSharp.csproj
	EndGlobalSection
EndGlobal
